
Microsoft Visual Studio Solution File, Format Version 12.00
# Visual Studio Version 16
VisualStudioVersion = 16.0.29009.5
MinimumVisualStudioVersion = 10.0.40219.1
Project("{FAE04EC0-301F-11D3-BF4B-00C04F79EFBC}") = "PatronMVC", "PatronMVC.csproj", "{23456CA7-0378-4D35-8085-469F39993F7B}"
EndProject
Global
	GlobalSection(SolutionConfigurationPlatforms) = preSolution
		Debug|Any CPU = Debug|Any CPU
		Release|Any CPU = Release|Any CPU
	EndGlobalSection
	GlobalSection(ProjectConfigurationPlatforms) = postSolution
		{23456CA7-0378-4D35-8085-469F39993F7B}.Debug|Any CPU.ActiveCfg = Debug|Any CPU
		{23456CA7-0378-4D35-8085-469F39993F7B}.Debug|Any CPU.Build.0 = Debug|Any CPU
		{23456CA7-0378-4D35-8085-469F39993F7B}.Release|Any CPU.ActiveCfg = Release|Any CPU
		{23456CA7-0378-4D35-8085-469F39993F7B}.Release|Any CPU.Build.0 = Release|Any CPU
	EndGlobalSection
	GlobalSection(SolutionProperties) = preSolution
		HideSolutionNode = FALSE
	EndGlobalSection
	GlobalSection(ExtensibilityGlobals) = postSolution
		SolutionGuid = {5DC071C1-93DF-4053-82AE-DF231B4B73E6}
	EndGlobalSection
EndGlobal
